# This file was autogenerated by Stack.
# You should not edit this file by hand.
# For more information, please see the documentation at:
#   https://docs.haskellstack.org/en/stable/lock_files

packages:
- completed:
    commit: aeb22beddf3bff56e2c13f8fef02cd6738dcab43
    git: https://github.com/morning85/nlp-tools.git
    name: nlp-tools
    pantry-tree:
      sha256: 500d61bd228c93bc21cf021cebb9c47a7bb2e8a3049698a55ed26575e0da8d7b
      size: 1804
    version: 0.1.9
  original:
    commit: aeb22beddf3bff56e2c13f8fef02cd6738dcab43
    git: https://github.com/morning85/nlp-tools.git
snapshots:
- completed:
    sha256: 428ec8d5ce932190d3cbe266b9eb3c175cd81e984babf876b64019e2cbe4ea68
    size: 590100
    url: https://raw.githubusercontent.com/commercialhaskell/stackage-snapshots/master/lts/18/28.yaml
  original: lts-18.28
